
Microsoft Visual Studio Solution File, Format Version 12.00
# Visual Studio Version 16
VisualStudioVersion = 16.0.30803.129
MinimumVisualStudioVersion = 10.0.40219.1
Project("{FAE04EC0-301F-11D3-BF4B-00C04F79EFBC}") = "LavaLipe", "LavaLipe\LavaLipe.csproj", "{B598C608-34BE-437F-A14A-93E9C40C76AA}"
EndProject
Global
	GlobalSection(SolutionConfigurationPlatforms) = preSolution
		Debug|Any CPU = Debug|Any CPU
		Release|Any CPU = Release|Any CPU
	EndGlobalSection
	GlobalSection(ProjectConfigurationPlatforms) = postSolution
		{B598C608-34BE-437F-A14A-93E9C40C76AA}.Debug|Any CPU.ActiveCfg = Debug|Any CPU
		{B598C608-34BE-437F-A14A-93E9C40C76AA}.Debug|Any CPU.Build.0 = Debug|Any CPU
		{B598C608-34BE-437F-A14A-93E9C40C76AA}.Release|Any CPU.ActiveCfg = Release|Any CPU
		{B598C608-34BE-437F-A14A-93E9C40C76AA}.Release|Any CPU.Build.0 = Release|Any CPU
	EndGlobalSection
	GlobalSection(SolutionProperties) = preSolution
		HideSolutionNode = FALSE
	EndGlobalSection
	GlobalSection(ExtensibilityGlobals) = postSolution
		SolutionGuid = {FD4B1B51-F78F-4BFF-8FCB-12014307A058}
	EndGlobalSection
EndGlobal
